
Microsoft Visual Studio Solution File, Format Version 12.00
# Visual Studio Version 17
VisualStudioVersion = 17.9.34616.47
MinimumVisualStudioVersion = 10.0.40219.1
Project("{9A19103F-16F7-4668-BE54-9A1E7A4F7556}") = "Simulation", "Simulation\Simulation.csproj", "{D6549242-1CEE-47F8-B507-3847C3652776}"
EndProject
Global
	GlobalSection(SolutionConfigurationPlatforms) = preSolution
		Debug|Any CPU = Debug|Any CPU
		Release|Any CPU = Release|Any CPU
	EndGlobalSection
	GlobalSection(ProjectConfigurationPlatforms) = postSolution
		{D6549242-1CEE-47F8-B507-3847C3652776}.Debug|Any CPU.ActiveCfg = Debug|Any CPU
		{D6549242-1CEE-47F8-B507-3847C3652776}.Debug|Any CPU.Build.0 = Debug|Any CPU
		{D6549242-1CEE-47F8-B507-3847C3652776}.Release|Any CPU.ActiveCfg = Release|Any CPU
		{D6549242-1CEE-47F8-B507-3847C3652776}.Release|Any CPU.Build.0 = Release|Any CPU
	EndGlobalSection
	GlobalSection(SolutionProperties) = preSolution
		HideSolutionNode = FALSE
	EndGlobalSection
	GlobalSection(ExtensibilityGlobals) = postSolution
		SolutionGuid = {D83CF450-8F06-40DD-A626-EEE024F0CCF9}
	EndGlobalSection
EndGlobal
